
Microsoft Visual Studio Solution File, Format Version 12.00
# Visual Studio Version 17
VisualStudioVersion = 17.0.31903.59
MinimumVisualStudioVersion = 10.0.40219.1
Project("{FAE04EC0-301F-11D3-BF4B-00C04F79EFBC}") = "WeatherMonitoringSystem", "WeatherMonitoringSystem\WeatherMonitoringSystem.csproj", "{A485F320-2455-467E-B772-6A3BFE66B358}"
EndProject
Project("{FAE04EC0-301F-11D3-BF4B-00C04F79EFBC}") = "WeatherMonitoringApp", "WeatherMonitoringApp\WeatherMonitoringApp.csproj", "{510823FD-8115-4170-BDA8-F1576FC8703B}"
EndProject
Global
	GlobalSection(SolutionConfigurationPlatforms) = preSolution
		Debug|Any CPU = Debug|Any CPU
		Release|Any CPU = Release|Any CPU
	EndGlobalSection
	GlobalSection(SolutionProperties) = preSolution
		HideSolutionNode = FALSE
	EndGlobalSection
	GlobalSection(ProjectConfigurationPlatforms) = postSolution
		{AB7393F4-AD7F-4D34-A2E9-A20774DA4FE4}.Debug|Any CPU.ActiveCfg = Debug|Any CPU
		{AB7393F4-AD7F-4D34-A2E9-A20774DA4FE4}.Debug|Any CPU.Build.0 = Debug|Any CPU
		{AB7393F4-AD7F-4D34-A2E9-A20774DA4FE4}.Release|Any CPU.ActiveCfg = Release|Any CPU
		{AB7393F4-AD7F-4D34-A2E9-A20774DA4FE4}.Release|Any CPU.Build.0 = Release|Any CPU
		{C5AFC3B4-58BA-4F1F-84A6-6E47A95B669D}.Debug|Any CPU.ActiveCfg = Debug|Any CPU
		{C5AFC3B4-58BA-4F1F-84A6-6E47A95B669D}.Debug|Any CPU.Build.0 = Debug|Any CPU
		{C5AFC3B4-58BA-4F1F-84A6-6E47A95B669D}.Release|Any CPU.ActiveCfg = Release|Any CPU
		{C5AFC3B4-58BA-4F1F-84A6-6E47A95B669D}.Release|Any CPU.Build.0 = Release|Any CPU
		{A485F320-2455-467E-B772-6A3BFE66B358}.Debug|Any CPU.ActiveCfg = Debug|Any CPU
		{A485F320-2455-467E-B772-6A3BFE66B358}.Debug|Any CPU.Build.0 = Debug|Any CPU
		{A485F320-2455-467E-B772-6A3BFE66B358}.Release|Any CPU.ActiveCfg = Release|Any CPU
		{A485F320-2455-467E-B772-6A3BFE66B358}.Release|Any CPU.Build.0 = Release|Any CPU
		{510823FD-8115-4170-BDA8-F1576FC8703B}.Debug|Any CPU.ActiveCfg = Debug|Any CPU
		{510823FD-8115-4170-BDA8-F1576FC8703B}.Debug|Any CPU.Build.0 = Debug|Any CPU
		{510823FD-8115-4170-BDA8-F1576FC8703B}.Release|Any CPU.ActiveCfg = Release|Any CPU
		{510823FD-8115-4170-BDA8-F1576FC8703B}.Release|Any CPU.Build.0 = Release|Any CPU
	EndGlobalSection
EndGlobal
